lockfileVersion: '6.0'

settings:
  autoInstallPeers: true
  excludeLinksFromLockfile: false

devDependencies:
  turbo:
    specifier: 1.9.9
    version: 1.9.9

packages:

  /turbo-darwin-64@1.9.9:
    resolution: {integrity: sha512-UDGM9E21eCDzF5t1F4rzrjwWutcup33e7ZjNJcW/mJDPorazZzqXGKEPIy9kXwKhamUUXfC7668r6ZuA1WXF2Q==}
    cpu: [x64]
    os: [darwin]
    requiresBuild: true
    dev: true
    optional: true

  /turbo-darwin-arm64@1.9.9:
    resolution: {integrity: sha512-VyfkXzTJpYLTAQ9krq2myyEq7RPObilpS04lgJ4OO1piq76RNmSpX9F/t9JCaY9Pj/4TL7i0d8PM7NGhwEA5Ag==}
    cpu: [arm64]
    os: [darwin]
    requiresBuild: true
    dev: true
    optional: true

  /turbo-linux-64@1.9.9:
    resolution: {integrity: sha512-Fu1MY29Odg8dHOqXcpIIGC3T63XLOGgnGfbobXMKdrC7JQDvtJv8TUCYciRsyknZYjyyKK1z6zKuYIiDjf3KeQ==}
    cpu: [x64]
    os: [linux]
    requiresBuild: true
    dev: true
    optional: true

  /turbo-linux-arm64@1.9.9:
    resolution: {integrity: sha512-50LI8NafPuJxdnMCBeDdzgyt1cgjQG7FwkyY336v4e95WJPUVjrHdrKH6jYXhOUyrv9+jCJxwX1Yrg02t5yJ1g==}
    cpu: [arm64]
    os: [linux]
    requiresBuild: true
    dev: true
    optional: true

  /turbo-windows-64@1.9.9:
    resolution: {integrity: sha512-9IsTReoLmQl1IRsy3WExe2j2RKWXQyXujfJ4fXF+jp08KxjVF4/tYP2CIRJx/A7UP/7keBta27bZqzAjsmbSTA==}
    cpu: [x64]
    os: [win32]
    requiresBuild: true
    dev: true
    optional: true

  /turbo-windows-arm64@1.9.9:
    resolution: {integrity: sha512-CUu4hpeQo68JjDr0V0ygTQRLbS+/sNfdqEVV+Xz9136vpKn2WMQLAuUBVZV0Sp0S/7i+zGnplskT0fED+W46wQ==}
    cpu: [arm64]
    os: [win32]
    requiresBuild: true
    dev: true
    optional: true

  /turbo@1.9.9:
    resolution: {integrity: sha512-+ZS66LOT7ahKHxh6XrIdcmf2Yk9mNpAbPEj4iF2cs0cAeaDU3xLVPZFF0HbSho89Uxwhx7b5HBgPbdcjQTwQkg==}
    hasBin: true
    requiresBuild: true
    optionalDependencies:
      turbo-darwin-64: 1.9.9
      turbo-darwin-arm64: 1.9.9
      turbo-linux-64: 1.9.9
      turbo-linux-arm64: 1.9.9
      turbo-windows-64: 1.9.9
      turbo-windows-arm64: 1.9.9
    dev: true
